// !$*UTF8*$!
{
	archiveVersion = 1;
	classes = {
	};
	objectVersion = 46;
	objects = {

/* Begin PBXBuildFile section */
		BA1B4AF51F5FB30F0060D93F /* main.swift in Sources */ = {isa = PBXBuildFile; fileRef = BA1B4AF41F5FB30F0060D93F /* main.swift */; };
		BA1B4AFC1F5FB3280060D93F /* Promise.swift in Sources */ = {isa = PBXBuildFile; fileRef = BA1B4AFB1F5FB3280060D93F /* Promise.swift */; };
/* End PBXBuildFile section */

/* Begin PBXCopyFilesBuildPhase section */
		BA1B4AEF1F5FB30F0060D93F /* CopyFiles */ = {
			isa = PBXCopyFilesBuildPhase;
			buildActionMask = 2147483647;
			dstPath = /usr/share/man/man1/;
			dstSubfolderSpec = 0;
			files = (
			);
			runOnlyForDeploymentPostprocessing = 1;
		};
/* End PBXCopyFilesBuildPhase section */

/* Begin PBXFileReference section */
		BA1B4AF11F5FB30F0060D93F /* SimplePromise */ = {isa = PBXFileReference; explicitFileType = "compiled.mach-o.executable"; includeInIndex = 0; path = SimplePromise; sourceTree = BUILT_PRODUCTS_DIR; };
		BA1B4AF41F5FB30F0060D93F /* main.swift */ = {isa = PBXFileReference; lastKnownFileType = sourcecode.swift; path = main.swift; sourceTree = "<group>"; };
		BA1B4AFB1F5FB3280060D93F /* Promise.swift */ = {isa = PBXFileReference; fileEncoding = 4; lastKnownFileType = sourcecode.swift; path = Promise.swift; sourceTree = "<group>"; };
/* End PBXFileReference section */

/* Begin PBXFrameworksBuildPhase section */
		BA1B4AEE1F5FB30F0060D93F /* Frameworks */ = {
			isa = PBXFrameworksBuildPhase;
			buildActionMask = 2147483647;
			files = (
			);
			runOnlyForDeploymentPostprocessing = 0;
		};
/* End PBXFrameworksBuildPhase section */

/* Begin PBXGroup section */
		BA1B4AE81F5FB30F0060D93F = {
			isa = PBXGroup;
			children = (
				BA1B4AF31F5FB30F0060D93F /* SimplePromise */,
				BA1B4AF21F5FB30F0060D93F /* Products */,
			);
			sourceTree = "<group>";
		};
		BA1B4AF21F5FB30F0060D93F /* Products */ = {
			isa = PBXGroup;
			children = (
				BA1B4AF11F5FB30F0060D93F /* SimplePromise */,
			);
			name = Products;
			sourceTree = "<group>";
		};
		BA1B4AF31F5FB30F0060D93F /* SimplePromise */ = {
			isa = PBXGroup;
			children = (
				BA1B4AFB1F5FB3280060D93F /* Promise.swift */,
				BA1B4AF41F5FB30F0060D93F /* main.swift */,
			);
			path = SimplePromise;
			sourceTree = "<group>";
		};
/* End PBXGroup section */

/* Begin PBXNativeTarget section */
		BA1B4AF01F5FB30F0060D93F /* SimplePromise */ = {
			isa = PBXNativeTarget;
			buildConfigurationList = BA1B4AF81F5FB30F0060D93F /* Build configuration list for PBXNativeTarget "SimplePromise" */;
			buildPhases = (
				BA1B4AED1F5FB30F0060D93F /* Sources */,
				BA1B4AEE1F5FB30F0060D93F /* Frameworks */,
				BA1B4AEF1F5FB30F0060D93F /* CopyFiles */,
			);
			buildRules = (
			);
			dependencies = (
			);
			name = SimplePromise;
			productName = SimplePromise;
			productReference = BA1B4AF11F5FB30F0060D93F /* SimplePromise */;
			productType = "com.apple.product-type.tool";
		};
/* End PBXNativeTarget section */

/* Begin PBXProject section */
		BA1B4AE91F5FB30F0060D93F /* Project object */ = {
			isa = PBXProject;
			attributes = {
				LastSwiftUpdateCheck = 0830;
				LastUpgradeCheck = 0830;
				ORGANIZATIONNAME = "Henry Tsai";
				TargetAttributes = {
					BA1B4AF01F5FB30F0060D93F = {
						CreatedOnToolsVersion = 8.3.3;
						DevelopmentTeam = U7Y66H7DX4;
						ProvisioningStyle = Automatic;
					};
				};
			};
			buildConfigurationList = BA1B4AEC1F5FB30F0060D93F /* Build configuration list for PBXProject "SimplePromise" */;
			compatibilityVersion = "Xcode 3.2";
			developmentRegion = English;
			hasScannedForEncodings = 0;
			knownRegions = (
				en,
			);
			mainGroup = BA1B4AE81F5FB30F0060D93F;
			productRefGroup = BA1B4AF21F5FB30F0060D93F /* Products */;
			projectDirPath = "";
			projectRoot = "";
			targets = (
				BA1B4AF01F5FB30F0060D93F /* SimplePromise */,
			);
		};
/* End PBXProject section */

/* Begin PBXSourcesBuildPhase section */
		BA1B4AED1F5FB30F0060D93F /* Sources */ = {
			isa = PBXSourcesBuildPhase;
			buildActionMask = 2147483647;
			files = (
				BA1B4AF51F5FB30F0060D93F /* main.swift in Sources */,
				BA1B4AFC1F5FB3280060D93F /* Promise.swift in Sources */,
			);
			runOnlyForDeploymentPostprocessing = 0;
		};
/* End PBXSourcesBuildPhase section */

/* Begin XCBuildConfiguration section */
		BA1B4AF61F5FB30F0060D93F /* Debug */ = {
			isa = XCBuildConfiguration;
			buildSettings = {
				ALWAYS_SEARCH_USER_PATHS = NO;
				CLANG_ANALYZER_NONNULL = YES;
				CLANG_ANALYZER_NUMBER_OBJECT_CONVERSION = YES_AGGRESSIVE;
				CLANG_CXX_LANGUAGE_STANDARD = "gnu++0x";
				CLANG_CXX_LIBRARY = "libc++";
				CLANG_ENABLE_MODULES = YES;
				CLANG_ENABLE_OBJC_ARC = YES;
				CLANG_WARN_BOOL_CONVERSION = YES;
				CLANG_WARN_CONSTANT_CONVERSION = YES;
				CLANG_WARN_DIRECT_OBJC_ISA_USAGE = YES_ERROR;
				CLANG_WARN_DOCUMENTATION_COMMENTS = YES;
				CLANG_WARN_EMPTY_BODY = YES;
				CLANG_WARN_ENUM_CONVERSION = YES;
				CLANG_WARN_INFINITE_RECURSION = YES;
				CLANG_WARN_INT_CONVERSION = YES;
				CLANG_WARN_OBJC_ROOT_CLASS = YES_ERROR;
				CLANG_WARN_SUSPICIOUS_MOVE = YES;
				CLANG_WARN_UNREACHABLE_CODE = YES;
				CLANG_WARN__DUPLICATE_METHOD_MATCH = YES;
				CODE_SIGN_IDENTITY = "-";
				COPY_PHASE_STRIP = NO;
				DEBUG_INFORMATION_FORMAT = dwarf;
				ENABLE_STRICT_OBJC_MSGSEND = YES;
				ENABLE_TESTABILITY = YES;
				GCC_C_LANGUAGE_STANDARD = gnu99;
				GCC_DYNAMIC_NO_PIC = NO;
				GCC_NO_COMMON_BLOCKS = YES;
				GCC_OPTIMIZATION_LEVEL = 0;
				GCC_PREPROCESSOR_DEFINITIONS = (
					"DEBUG=1",
					"$(inherited)",
				);
				GCC_WARN_64_TO_32_BIT_CONVERSION = YES;
				GCC_WARN_ABOUT_RETURN_TYPE = YES_ERROR;
				GCC_WARN_UNDECLARED_SELECTOR = YES;
				GCC_WARN_UNINITIALIZED_AUTOS = YES_AGGRESSIVE;
				GCC_WARN_UNUSED_FUNCTION = YES;
				GCC_WARN_UNUSED_VARIABLE = YES;
				MACOSX_DEPLOYMENT_TARGET = 10.12;
				MTL_ENABLE_DEBUG_INFO = YES;
				ONLY_ACTIVE_ARCH = YES;
				SDKROOT = macosx;
				SWIFT_OPTIMIZATION_LEVEL = "-Onone";
			};
			name = Debug;
		};
		BA1B4AF71F5FB30F0060D93F /* Release */ = {
			isa = XCBuildConfiguration;
			buildSettings = {
				ALWAYS_SEARCH_USER_PATHS = NO;
				CLANG_ANALYZER_NONNULL = YES;
				CLANG_ANALYZER_NUMBER_OBJECT_CONVERSION = YES_AGGRESSIVE;
				CLANG_CXX_LANGUAGE_STANDARD = "gnu++0x";
				CLANG_CXX_LIBRARY = "libc++";
				CLANG_ENABLE_MODULES = YES;
				CLANG_ENABLE_OBJC_ARC = YES;
				CLANG_WARN_BOOL_CONVERSION = YES;
				CLANG_WARN_CONSTANT_CONVERSION = YES;
				CLANG_WARN_DIRECT_OBJC_ISA_USAGE = YES_ERROR;
				CLANG_WARN_DOCUMENTATION_COMMENTS = YES;
				CLANG_WARN_EMPTY_BODY = YES;
				CLANG_WARN_ENUM_CONVERSION = YES;
				CLANG_WARN_INFINITE_RECURSION = YES;
				CLANG_WARN_INT_CONVERSION = YES;
				CLANG_WARN_OBJC_ROOT_CLASS = YES_ERROR;
				CLANG_WARN_SUSPICIOUS_MOVE = YES;
				CLANG_WARN_UNREACHABLE_CODE = YES;
				CLANG_WARN__DUPLICATE_METHOD_MATCH = YES;
				CODE_SIGN_IDENTITY = "-";
				COPY_PHASE_STRIP = NO;
				DEBUG_INFORMATION_FORMAT = "dwarf-with-dsym";
				ENABLE_NS_ASSERTIONS = NO;
				ENABLE_STRICT_OBJC_MSGSEND = YES;
				GCC_C_LANGUAGE_STANDARD = gnu99;
				GCC_NO_COMMON_BLOCKS = YES;
				GCC_WARN_64_TO_32_BIT_CONVERSION = YES;
				GCC_WARN_ABOUT_RETURN_TYPE = YES_ERROR;
				GCC_WARN_UNDECLARED_SELECTOR = YES;
				GCC_WARN_UNINITIALIZED_AUTOS = YES_AGGRESSIVE;
				GCC_WARN_UNUSED_FUNCTION = YES;
				GCC_WARN_UNUSED_VARIABLE = YES;
				MACOSX_DEPLOYMENT_TARGET = 10.12;
				MTL_ENABLE_DEBUG_INFO = NO;
				SDKROOT = macosx;
			};
			name = Release;
		};
		BA1B4AF91F5FB30F0060D93F /* Debug */ = {
			isa = XCBuildConfiguration;
			buildSettings = {
				DEVELOPMENT_TEAM = U7Y66H7DX4;
				PRODUCT_NAME = "$(TARGET_NAME)";
				SWIFT_VERSION = 3.0;
			};
			name = Debug;
		};
		BA1B4AFA1F5FB30F0060D93F /* Release */ = {
			isa = XCBuildConfiguration;
			buildSettings = {
				DEVELOPMENT_TEAM = U7Y66H7DX4;
				PRODUCT_NAME = "$(TARGET_NAME)";
				SWIFT_VERSION = 3.0;
			};
			name = Release;
		};
/* End XCBuildConfiguration section */

/* Begin XCConfigurationList section */
		BA1B4AEC1F5FB30F0060D93F /* Build configuration list for PBXProject "SimplePromise" */ = {
			isa = XCConfigurationList;
			buildConfigurations = (
				BA1B4AF61F5FB30F0060D93F /* Debug */,
				BA1B4AF71F5FB30F0060D93F /* Release */,
			);
			defaultConfigurationIsVisible = 0;
			defaultConfigurationName = Release;
		};
		BA1B4AF81F5FB30F0060D93F /* Build configuration list for PBXNativeTarget "SimplePromise" */ = {
			isa = XCConfigurationList;
			buildConfigurations = (
				BA1B4AF91F5FB30F0060D93F /* Debug */,
				BA1B4AFA1F5FB30F0060D93F /* Release */,
			);
			defaultConfigurationIsVisible = 0;
		};
/* End XCConfigurationList section */
	};
	rootObject = BA1B4AE91F5FB30F0060D93F /* Project object */;
}
